
Microsoft Visual Studio Solution File, Format Version 12.00
# Visual Studio Version 17
VisualStudioVersion = 17.3.32901.215
MinimumVisualStudioVersion = 10.0.40219.1
Project("{F184B08F-C81C-45F6-A57F-5ABD9991F28F}") = "oef10 26jan", "oef10 26jan\oef10 26jan.vbproj", "{002AE7F3-8E94-4F70-A17D-FD1B058850CA}"
EndProject
Global
	GlobalSection(SolutionConfigurationPlatforms) = preSolution
		Debug|Any CPU = Debug|Any CPU
		Release|Any CPU = Release|Any CPU
	EndGlobalSection
	GlobalSection(ProjectConfigurationPlatforms) = postSolution
		{002AE7F3-8E94-4F70-A17D-FD1B058850CA}.Debug|Any CPU.ActiveCfg = Debug|Any CPU
		{002AE7F3-8E94-4F70-A17D-FD1B058850CA}.Debug|Any CPU.Build.0 = Debug|Any CPU
		{002AE7F3-8E94-4F70-A17D-FD1B058850CA}.Release|Any CPU.ActiveCfg = Release|Any CPU
		{002AE7F3-8E94-4F70-A17D-FD1B058850CA}.Release|Any CPU.Build.0 = Release|Any CPU
	EndGlobalSection
	GlobalSection(SolutionProperties) = preSolution
		HideSolutionNode = FALSE
	EndGlobalSection
	GlobalSection(ExtensibilityGlobals) = postSolution
		SolutionGuid = {44588DFD-C583-4672-8125-1E973BD79AD3}
	EndGlobalSection
EndGlobal
